
Microsoft Visual Studio Solution File, Format Version 12.00
# Visual Studio 15
VisualStudioVersion = 15.0.27004.2010
MinimumVisualStudioVersion = 10.0.40219.1
Project("{9A19103F-16F7-4668-BE54-9A1E7A4F7556}") = "oops", "oops\oops.csproj", "{96F30F30-4B1D-4A91-B8FD-BF81E25DDB97}"
EndProject
Global
	GlobalSection(SolutionConfigurationPlatforms) = preSolution
		Debug|Any CPU = Debug|Any CPU
		Release|Any CPU = Release|Any CPU
	EndGlobalSection
	GlobalSection(ProjectConfigurationPlatforms) = postSolution
		{96F30F30-4B1D-4A91-B8FD-BF81E25DDB97}.Debug|Any CPU.ActiveCfg = Debug|Any CPU
		{96F30F30-4B1D-4A91-B8FD-BF81E25DDB97}.Debug|Any CPU.Build.0 = Debug|Any CPU
		{96F30F30-4B1D-4A91-B8FD-BF81E25DDB97}.Release|Any CPU.ActiveCfg = Release|Any CPU
		{96F30F30-4B1D-4A91-B8FD-BF81E25DDB97}.Release|Any CPU.Build.0 = Release|Any CPU
	EndGlobalSection
	GlobalSection(SolutionProperties) = preSolution
		HideSolutionNode = FALSE
	EndGlobalSection
	GlobalSection(ExtensibilityGlobals) = postSolution
		SolutionGuid = {996CD846-BAB8-4C10-A212-28B16E3A41E6}
	EndGlobalSection
EndGlobal
